Microsoft Visual Studio Solution File, Format Version 12.00
# Visual Studio 15
VisualStudioVersion = 15.0.27703.2026
MinimumVisualStudioVersion = 10.0.40219.1
Project("{FAE04EC0-301F-11D3-BF4B-00C04F79EFBC}") = "MvpArchitecture", "MvpArchitecture\MvpArchitecture.csproj", "{22FE0A21-CAF8-4DED-8A06-1641437FF9F5}"
EndProject
Project("{FAE04EC0-301F-11D3-BF4B-00C04F79EFBC}") = "MvpArchitecture.iOS", "MvpArchitecture.iOS\MvpArchitecture.iOS.csproj", "{CC4B4198-C1BC-45B7-8128-70656C132B93}"
EndProject
Project("{FAE04EC0-301F-11D3-BF4B-00C04F79EFBC}") = "MvpArchitecture.Android", "MvpArchitecture.Android\MvpArchitecture.Android.csproj", "{467EAE4E-0947-49EC-88F0-EB8885F62B7C}"
EndProject
Project("{2150E333-8FDC-42A3-9474-1A3956D46DE8}") = "Architecture", "Architecture", "{FE23C4E9-4100-41CC-91D5-95711A0D1019}"
EndProject
Project("{2150E333-8FDC-42A3-9474-1A3956D46DE8}") = "BluetoothLE", "BluetoothLE", "{8706F792-B196-44DB-8486-4B5BE3A045A6}"
EndProject
Project("{FAE04EC0-301F-11D3-BF4B-00C04F79EFBC}") = "BluetoothLE.Droid", "BluetoothLE.Droid\BluetoothLE.Droid.csproj", "{3BC0AC7E-3B3B-4D3F-9CC0-B2BDECC460A6}"
EndProject
Project("{2150E333-8FDC-42A3-9474-1A3956D46DE8}") = "PullToRefresh", "PullToRefresh", "{DA73EB8E-20F0-4129-842E-00F513601E8E}"
EndProject
Project("{FAE04EC0-301F-11D3-BF4B-00C04F79EFBC}") = "PullToRefresh.iOS", "PullToRefresh.iOS\PullToRefresh.iOS.csproj", "{F67C6D81-37B5-43D0-8CAC-A23B8379F32E}"
EndProject
Global
	GlobalSection(SolutionConfigurationPlatforms) = preSolution
		Debug|Any CPU = Debug|Any CPU
		Debug|iPhone = Debug|iPhone
		Debug|iPhoneSimulator = Debug|iPhoneSimulator
		Release|Any CPU = Release|Any CPU
		Release|iPhone = Release|iPhone
		Release|iPhoneSimulator = Release|iPhoneSimulator
	EndGlobalSection
	GlobalSection(ProjectConfigurationPlatforms) = postSolution
		{22FE0A21-CAF8-4DED-8A06-1641437FF9F5}.Debug|Any CPU.ActiveCfg = Debug|Any CPU
		{22FE0A21-CAF8-4DED-8A06-1641437FF9F5}.Debug|Any CPU.Build.0 = Debug|Any CPU
		{22FE0A21-CAF8-4DED-8A06-1641437FF9F5}.Debug|iPhone.ActiveCfg = Debug|Any CPU
		{22FE0A21-CAF8-4DED-8A06-1641437FF9F5}.Debug|iPhone.Build.0 = Debug|Any CPU
		{22FE0A21-CAF8-4DED-8A06-1641437FF9F5}.Debug|iPhoneSimulator.ActiveCfg = Debug|Any CPU
		{22FE0A21-CAF8-4DED-8A06-1641437FF9F5}.Debug|iPhoneSimulator.Build.0 = Debug|Any CPU
		{22FE0A21-CAF8-4DED-8A06-1641437FF9F5}.Release|Any CPU.ActiveCfg = Release|Any CPU
		{22FE0A21-CAF8-4DED-8A06-1641437FF9F5}.Release|Any CPU.Build.0 = Release|Any CPU
		{22FE0A21-CAF8-4DED-8A06-1641437FF9F5}.Release|iPhone.ActiveCfg = Release|Any CPU
		{22FE0A21-CAF8-4DED-8A06-1641437FF9F5}.Release|iPhone.Build.0 = Release|Any CPU
		{22FE0A21-CAF8-4DED-8A06-1641437FF9F5}.Release|iPhoneSimulator.ActiveCfg = Release|Any CPU
		{22FE0A21-CAF8-4DED-8A06-1641437FF9F5}.Release|iPhoneSimulator.Build.0 = Release|Any CPU
		{CC4B4198-C1BC-45B7-8128-70656C132B93}.Debug|Any CPU.ActiveCfg = Debug|iPhoneSimulator
		{CC4B4198-C1BC-45B7-8128-70656C132B93}.Debug|Any CPU.Build.0 = Debug|iPhoneSimulator
		{CC4B4198-C1BC-45B7-8128-70656C132B93}.Debug|iPhone.ActiveCfg = Debug|iPhone
		{CC4B4198-C1BC-45B7-8128-70656C132B93}.Debug|iPhone.Build.0 = Debug|iPhone
		{CC4B4198-C1BC-45B7-8128-70656C132B93}.Debug|iPhoneSimulator.ActiveCfg = Debug|iPhoneSimulator
		{CC4B4198-C1BC-45B7-8128-70656C132B93}.Debug|iPhoneSimulator.Build.0 = Debug|iPhoneSimulator
		{CC4B4198-C1BC-45B7-8128-70656C132B93}.Release|Any CPU.ActiveCfg = Release|iPhone
		{CC4B4198-C1BC-45B7-8128-70656C132B93}.Release|Any CPU.Build.0 = Release|iPhone
		{CC4B4198-C1BC-45B7-8128-70656C132B93}.Release|iPhone.ActiveCfg = Release|iPhone
		{CC4B4198-C1BC-45B7-8128-70656C132B93}.Release|iPhone.Build.0 = Release|iPhone
		{CC4B4198-C1BC-45B7-8128-70656C132B93}.Release|iPhoneSimulator.ActiveCfg = Release|iPhoneSimulator
		{CC4B4198-C1BC-45B7-8128-70656C132B93}.Release|iPhoneSimulator.Build.0 = Release|iPhoneSimulator
		{467EAE4E-0947-49EC-88F0-EB8885F62B7C}.Debug|Any CPU.ActiveCfg = Debug|Any CPU
		{467EAE4E-0947-49EC-88F0-EB8885F62B7C}.Debug|Any CPU.Build.0 = Debug|Any CPU
		{467EAE4E-0947-49EC-88F0-EB8885F62B7C}.Debug|iPhone.ActiveCfg = Debug|Any CPU
		{467EAE4E-0947-49EC-88F0-EB8885F62B7C}.Debug|iPhone.Build.0 = Debug|Any CPU
		{467EAE4E-0947-49EC-88F0-EB8885F62B7C}.Debug|iPhoneSimulator.ActiveCfg = Debug|Any CPU
		{467EAE4E-0947-49EC-88F0-EB8885F62B7C}.Debug|iPhoneSimulator.Build.0 = Debug|Any CPU
		{467EAE4E-0947-49EC-88F0-EB8885F62B7C}.Release|Any CPU.ActiveCfg = Release|Any CPU
		{467EAE4E-0947-49EC-88F0-EB8885F62B7C}.Release|Any CPU.Build.0 = Release|Any CPU
		{467EAE4E-0947-49EC-88F0-EB8885F62B7C}.Release|iPhone.ActiveCfg = Release|Any CPU
		{467EAE4E-0947-49EC-88F0-EB8885F62B7C}.Release|iPhone.Build.0 = Release|Any CPU
		{467EAE4E-0947-49EC-88F0-EB8885F62B7C}.Release|iPhoneSimulator.ActiveCfg = Release|Any CPU
		{467EAE4E-0947-49EC-88F0-EB8885F62B7C}.Release|iPhoneSimulator.Build.0 = Release|Any CPU
		{3BC0AC7E-3B3B-4D3F-9CC0-B2BDECC460A6}.Debug|Any CPU.ActiveCfg = Debug|Any CPU
		{3BC0AC7E-3B3B-4D3F-9CC0-B2BDECC460A6}.Debug|Any CPU.Build.0 = Debug|Any CPU
		{3BC0AC7E-3B3B-4D3F-9CC0-B2BDECC460A6}.Debug|Any CPU.Deploy.0 = Debug|Any CPU
		{3BC0AC7E-3B3B-4D3F-9CC0-B2BDECC460A6}.Debug|iPhone.ActiveCfg = Debug|Any CPU
		{3BC0AC7E-3B3B-4D3F-9CC0-B2BDECC460A6}.Debug|iPhone.Build.0 = Debug|Any CPU
		{3BC0AC7E-3B3B-4D3F-9CC0-B2BDECC460A6}.Debug|iPhone.Deploy.0 = Debug|Any CPU
		{3BC0AC7E-3B3B-4D3F-9CC0-B2BDECC460A6}.Debug|iPhoneSimulator.ActiveCfg = Debug|Any CPU
		{3BC0AC7E-3B3B-4D3F-9CC0-B2BDECC460A6}.Debug|iPhoneSimulator.Build.0 = Debug|Any CPU
		{3BC0AC7E-3B3B-4D3F-9CC0-B2BDECC460A6}.Debug|iPhoneSimulator.Deploy.0 = Debug|Any CPU
		{3BC0AC7E-3B3B-4D3F-9CC0-B2BDECC460A6}.Release|Any CPU.ActiveCfg = Release|Any CPU
		{3BC0AC7E-3B3B-4D3F-9CC0-B2BDECC460A6}.Release|Any CPU.Build.0 = Release|Any CPU
		{3BC0AC7E-3B3B-4D3F-9CC0-B2BDECC460A6}.Release|Any CPU.Deploy.0 = Release|Any CPU
		{3BC0AC7E-3B3B-4D3F-9CC0-B2BDECC460A6}.Release|iPhone.ActiveCfg = Release|Any CPU
		{3BC0AC7E-3B3B-4D3F-9CC0-B2BDECC460A6}.Release|iPhone.Build.0 = Release|Any CPU
		{3BC0AC7E-3B3B-4D3F-9CC0-B2BDECC460A6}.Release|iPhone.Deploy.0 = Release|Any CPU
		{3BC0AC7E-3B3B-4D3F-9CC0-B2BDECC460A6}.Release|iPhoneSimulator.ActiveCfg = Release|Any CPU
		{3BC0AC7E-3B3B-4D3F-9CC0-B2BDECC460A6}.Release|iPhoneSimulator.Build.0 = Release|Any CPU
		{3BC0AC7E-3B3B-4D3F-9CC0-B2BDECC460A6}.Release|iPhoneSimulator.Deploy.0 = Release|Any CPU
		{F67C6D81-37B5-43D0-8CAC-A23B8379F32E}.Debug|Any CPU.ActiveCfg = Debug|iPhoneSimulator
		{F67C6D81-37B5-43D0-8CAC-A23B8379F32E}.Debug|Any CPU.Build.0 = Debug|iPhoneSimulator
		{F67C6D81-37B5-43D0-8CAC-A23B8379F32E}.Debug|iPhone.ActiveCfg = Debug|iPhone
		{F67C6D81-37B5-43D0-8CAC-A23B8379F32E}.Debug|iPhone.Build.0 = Debug|iPhone
		{F67C6D81-37B5-43D0-8CAC-A23B8379F32E}.Debug|iPhoneSimulator.ActiveCfg = Debug|iPhoneSimulator
		{F67C6D81-37B5-43D0-8CAC-A23B8379F32E}.Debug|iPhoneSimulator.Build.0 = Debug|iPhoneSimulator
		{F67C6D81-37B5-43D0-8CAC-A23B8379F32E}.Release|Any CPU.ActiveCfg = Release|iPhone
		{F67C6D81-37B5-43D0-8CAC-A23B8379F32E}.Release|Any CPU.Build.0 = Release|iPhone
		{F67C6D81-37B5-43D0-8CAC-A23B8379F32E}.Release|iPhone.ActiveCfg = Release|iPhone
		{F67C6D81-37B5-43D0-8CAC-A23B8379F32E}.Release|iPhone.Build.0 = Release|iPhone
		{F67C6D81-37B5-43D0-8CAC-A23B8379F32E}.Release|iPhoneSimulator.ActiveCfg = Release|iPhoneSimulator
		{F67C6D81-37B5-43D0-8CAC-A23B8379F32E}.Release|iPhoneSimulator.Build.0 = Release|iPhoneSimulator
	EndGlobalSection
	GlobalSection(SolutionProperties) = preSolution
		HideSolutionNode = FALSE
	EndGlobalSection
	GlobalSection(NestedProjects) = preSolution
		{22FE0A21-CAF8-4DED-8A06-1641437FF9F5} = {FE23C4E9-4100-41CC-91D5-95711A0D1019}
		{CC4B4198-C1BC-45B7-8128-70656C132B93} = {FE23C4E9-4100-41CC-91D5-95711A0D1019}
		{467EAE4E-0947-49EC-88F0-EB8885F62B7C} = {FE23C4E9-4100-41CC-91D5-95711A0D1019}
		{3BC0AC7E-3B3B-4D3F-9CC0-B2BDECC460A6} = {8706F792-B196-44DB-8486-4B5BE3A045A6}
		{F67C6D81-37B5-43D0-8CAC-A23B8379F32E} = {DA73EB8E-20F0-4129-842E-00F513601E8E}
	EndGlobalSection
	GlobalSection(ExtensibilityGlobals) = postSolution
		SolutionGuid = {377FA1D8-5B05-4790-A7E7-7E55E45CB261}
	EndGlobalSection
	GlobalSection(MonoDevelopProperties) = preSolution
		Policies = $0
		$0.TextStylePolicy = $7
	EndGlobalSection
EndGlobal
