Microsoft Visual Studio Solution File, Format Version 12.00
# Visual Studio 15
VisualStudioVersion = 15.0.27703.2035
MinimumVisualStudioVersion = 10.0.40219.1
Project("{FAE04EC0-301F-11D3-BF4B-00C04F79EFBC}") = "Searchable.Droid", "Searchable.Droid\Searchable.Droid.csproj", "{1FAF9804-91B8-4627-B882-337C22BDBC24}"
EndProject
Global
	GlobalSection(SolutionConfigurationPlatforms) = preSolution
		Debug|Any CPU = Debug|Any CPU
		Release|Any CPU = Release|Any CPU
	EndGlobalSection
	GlobalSection(ProjectConfigurationPlatforms) = postSolution
		{1FAF9804-91B8-4627-B882-337C22BDBC24}.Debug|Any CPU.ActiveCfg = Debug|Any CPU
		{1FAF9804-91B8-4627-B882-337C22BDBC24}.Debug|Any CPU.Build.0 = Debug|Any CPU
		{1FAF9804-91B8-4627-B882-337C22BDBC24}.Debug|Any CPU.Deploy.0 = Debug|Any CPU
		{1FAF9804-91B8-4627-B882-337C22BDBC24}.Release|Any CPU.ActiveCfg = Release|Any CPU
		{1FAF9804-91B8-4627-B882-337C22BDBC24}.Release|Any CPU.Build.0 = Release|Any CPU
	EndGlobalSection
	GlobalSection(SolutionProperties) = preSolution
		HideSolutionNode = FALSE
	EndGlobalSection
	GlobalSection(ExtensibilityGlobals) = postSolution
		SolutionGuid = {0603DEE7-A0B0-4B6C-80C5-57D6511CBD6D}
	EndGlobalSection
EndGlobal
